// !$*UTF8*$!
{
	archiveVersion = 1;
	classes = {
	};
	objectVersion = 56;
	objects = {

/* Begin PBXBuildFile section */
		BEA63AC42B4FF1C000DB85FF /* EmojiArtApp.swift in Sources */ = {isa = PBXBuildFile; fileRef = BEA63AC32B4FF1C000DB85FF /* EmojiArtApp.swift */; };
		BEA63AC62B4FF1C000DB85FF /* EmojiArtDocumentView.swift in Sources */ = {isa = PBXBuildFile; fileRef = BEA63AC52B4FF1C000DB85FF /* EmojiArtDocumentView.swift */; };
		BEA63AC82B4FF1C100DB85FF /* Assets.xcassets in Resources */ = {isa = PBXBuildFile; fileRef = BEA63AC72B4FF1C100DB85FF /* Assets.xcassets */; };
		BEA63ACB2B4FF1C100DB85FF /* Preview Assets.xcassets in Resources */ = {isa = PBXBuildFile; fileRef = BEA63ACA2B4FF1C100DB85FF /* Preview Assets.xcassets */; };
		BEA63AD22B4FF22900DB85FF /* EmojiArt.swift in Sources */ = {isa = PBXBuildFile; fileRef = BEA63AD12B4FF22900DB85FF /* EmojiArt.swift */; };
		BEA63AD42B4FF37300DB85FF /* EmojiArtDocument.swift in Sources */ = {isa = PBXBuildFile; fileRef = BEA63AD32B4FF37300DB85FF /* EmojiArtDocument.swift */; };
		BEA63AD62B4FF5C800DB85FF /* Extensions.swift in Sources */ = {isa = PBXBuildFile; fileRef = BEA63AD52B4FF5C800DB85FF /* Extensions.swift */; };
		BEA63AD82B5002BD00DB85FF /* Sturldata.swift in Sources */ = {isa = PBXBuildFile; fileRef = BEA63AD72B5002BD00DB85FF /* Sturldata.swift */; };
		BEA63ADC2B51517400DB85FF /* EmojiPalette.swift in Sources */ = {isa = PBXBuildFile; fileRef = BEA63ADB2B51517400DB85FF /* EmojiPalette.swift */; };
		BEA63ADE2B5151F300DB85FF /* EmojiPaletteStore.swift in Sources */ = {isa = PBXBuildFile; fileRef = BEA63ADD2B5151F300DB85FF /* EmojiPaletteStore.swift */; };
		BEA63AE02B51551600DB85FF /* EmojiPaletteView.swift in Sources */ = {isa = PBXBuildFile; fileRef = BEA63ADF2B51551600DB85FF /* EmojiPaletteView.swift */; };
		BEA63AE22B5155A300DB85FF /* AnimatedActionButton.swift in Sources */ = {isa = PBXBuildFile; fileRef = BEA63AE12B5155A300DB85FF /* AnimatedActionButton.swift */; };
/* End PBXBuildFile section */

/* Begin PBXFileReference section */
		BEA63AC02B4FF1C000DB85FF /* EmojiArt.app */ = {isa = PBXFileReference; explicitFileType = wrapper.application; includeInIndex = 0; path = EmojiArt.app; sourceTree = BUILT_PRODUCTS_DIR; };
		BEA63AC32B4FF1C000DB85FF /* EmojiArtApp.swift */ = {isa = PBXFileReference; lastKnownFileType = sourcecode.swift; path = EmojiArtApp.swift; sourceTree = "<group>"; };
		BEA63AC52B4FF1C000DB85FF /* EmojiArtDocumentView.swift */ = {isa = PBXFileReference; lastKnownFileType = sourcecode.swift; path = EmojiArtDocumentView.swift; sourceTree = "<group>"; };
		BEA63AC72B4FF1C100DB85FF /* Assets.xcassets */ = {isa = PBXFileReference; lastKnownFileType = folder.assetcatalog; path = Assets.xcassets; sourceTree = "<group>"; };
		BEA63ACA2B4FF1C100DB85FF /* Preview Assets.xcassets */ = {isa = PBXFileReference; lastKnownFileType = folder.assetcatalog; path = "Preview Assets.xcassets"; sourceTree = "<group>"; };
		BEA63AD12B4FF22900DB85FF /* EmojiArt.swift */ = {isa = PBXFileReference; lastKnownFileType = sourcecode.swift; path = EmojiArt.swift; sourceTree = "<group>"; };
		BEA63AD32B4FF37300DB85FF /* EmojiArtDocument.swift */ = {isa = PBXFileReference; lastKnownFileType = sourcecode.swift; path = EmojiArtDocument.swift; sourceTree = "<group>"; };
		BEA63AD52B4FF5C800DB85FF /* Extensions.swift */ = {isa = PBXFileReference; lastKnownFileType = sourcecode.swift; path = Extensions.swift; sourceTree = "<group>"; };
		BEA63AD72B5002BD00DB85FF /* Sturldata.swift */ = {isa = PBXFileReference; lastKnownFileType = sourcecode.swift; path = Sturldata.swift; sourceTree = "<group>"; };
		BEA63ADB2B51517400DB85FF /* EmojiPalette.swift */ = {isa = PBXFileReference; lastKnownFileType = sourcecode.swift; path = EmojiPalette.swift; sourceTree = "<group>"; };
		BEA63ADD2B5151F300DB85FF /* EmojiPaletteStore.swift */ = {isa = PBXFileReference; lastKnownFileType = sourcecode.swift; path = EmojiPaletteStore.swift; sourceTree = "<group>"; };
		BEA63ADF2B51551600DB85FF /* EmojiPaletteView.swift */ = {isa = PBXFileReference; lastKnownFileType = sourcecode.swift; path = EmojiPaletteView.swift; sourceTree = "<group>"; };
		BEA63AE12B5155A300DB85FF /* AnimatedActionButton.swift */ = {isa = PBXFileReference; lastKnownFileType = sourcecode.swift; path = AnimatedActionButton.swift; sourceTree = "<group>"; };
/* End PBXFileReference section */

/* Begin PBXFrameworksBuildPhase section */
		BEA63ABD2B4FF1C000DB85FF /* Frameworks */ = {
			isa = PBXFrameworksBuildPhase;
			buildActionMask = 2147483647;
			files = (
			);
			runOnlyForDeploymentPostprocessing = 0;
		};
/* End PBXFrameworksBuildPhase section */

/* Begin PBXGroup section */
		BEA63AB72B4FF1C000DB85FF = {
			isa = PBXGroup;
			children = (
				BEA63AC22B4FF1C000DB85FF /* EmojiArt */,
				BEA63AC12B4FF1C000DB85FF /* Products */,
			);
			sourceTree = "<group>";
		};
		BEA63AC12B4FF1C000DB85FF /* Products */ = {
			isa = PBXGroup;
			children = (
				BEA63AC02B4FF1C000DB85FF /* EmojiArt.app */,
			);
			name = Products;
			sourceTree = "<group>";
		};
		BEA63AC22B4FF1C000DB85FF /* EmojiArt */ = {
			isa = PBXGroup;
			children = (
				BEA63AC32B4FF1C000DB85FF /* EmojiArtApp.swift */,
				BEA63AD52B4FF5C800DB85FF /* Extensions.swift */,
				BEA63AD72B5002BD00DB85FF /* Sturldata.swift */,
				BEA63AE12B5155A300DB85FF /* AnimatedActionButton.swift */,
				BEA63AD92B51504500DB85FF /* EmojiArtDocument */,
				BEA63ADA2B51511A00DB85FF /* EmojiPalette */,
				BEA63AC72B4FF1C100DB85FF /* Assets.xcassets */,
				BEA63AC92B4FF1C100DB85FF /* Preview Content */,
			);
			path = EmojiArt;
			sourceTree = "<group>";
		};
		BEA63AC92B4FF1C100DB85FF /* Preview Content */ = {
			isa = PBXGroup;
			children = (
				BEA63ACA2B4FF1C100DB85FF /* Preview Assets.xcassets */,
			);
			path = "Preview Content";
			sourceTree = "<group>";
		};
		BEA63AD92B51504500DB85FF /* EmojiArtDocument */ = {
			isa = PBXGroup;
			children = (
				BEA63AD12B4FF22900DB85FF /* EmojiArt.swift */,
				BEA63AD32B4FF37300DB85FF /* EmojiArtDocument.swift */,
				BEA63AC52B4FF1C000DB85FF /* EmojiArtDocumentView.swift */,
			);
			path = EmojiArtDocument;
			sourceTree = "<group>";
		};
		BEA63ADA2B51511A00DB85FF /* EmojiPalette */ = {
			isa = PBXGroup;
			children = (
				BEA63ADB2B51517400DB85FF /* EmojiPalette.swift */,
				BEA63ADD2B5151F300DB85FF /* EmojiPaletteStore.swift */,
				BEA63ADF2B51551600DB85FF /* EmojiPaletteView.swift */,
			);
			path = EmojiPalette;
			sourceTree = "<group>";
		};
/* End PBXGroup section */

/* Begin PBXNativeTarget section */
		BEA63ABF2B4FF1C000DB85FF /* EmojiArt */ = {
			isa = PBXNativeTarget;
			buildConfigurationList = BEA63ACE2B4FF1C100DB85FF /* Build configuration list for PBXNativeTarget "EmojiArt" */;
			buildPhases = (
				BEA63ABC2B4FF1C000DB85FF /* Sources */,
				BEA63ABD2B4FF1C000DB85FF /* Frameworks */,
				BEA63ABE2B4FF1C000DB85FF /* Resources */,
			);
			buildRules = (
			);
			dependencies = (
			);
			name = EmojiArt;
			productName = EmojiArt;
			productReference = BEA63AC02B4FF1C000DB85FF /* EmojiArt.app */;
			productType = "com.apple.product-type.application";
		};
/* End PBXNativeTarget section */

/* Begin PBXProject section */
		BEA63AB82B4FF1C000DB85FF /* Project object */ = {
			isa = PBXProject;
			attributes = {
				BuildIndependentTargetsInParallel = 1;
				LastSwiftUpdateCheck = 1500;
				LastUpgradeCheck = 1500;
				TargetAttributes = {
					BEA63ABF2B4FF1C000DB85FF = {
						CreatedOnToolsVersion = 15.0;
					};
				};
			};
			buildConfigurationList = BEA63ABB2B4FF1C000DB85FF /* Build configuration list for PBXProject "EmojiArt" */;
			compatibilityVersion = "Xcode 14.0";
			developmentRegion = en;
			hasScannedForEncodings = 0;
			knownRegions = (
				en,
				Base,
			);
			mainGroup = BEA63AB72B4FF1C000DB85FF;
			productRefGroup = BEA63AC12B4FF1C000DB85FF /* Products */;
			projectDirPath = "";
			projectRoot = "";
			targets = (
				BEA63ABF2B4FF1C000DB85FF /* EmojiArt */,
			);
		};
/* End PBXProject section */

/* Begin PBXResourcesBuildPhase section */
		BEA63ABE2B4FF1C000DB85FF /* Resources */ = {
			isa = PBXResourcesBuildPhase;
			buildActionMask = 2147483647;
			files = (
				BEA63ACB2B4FF1C100DB85FF /* Preview Assets.xcassets in Resources */,
				BEA63AC82B4FF1C100DB85FF /* Assets.xcassets in Resources */,
			);
			runOnlyForDeploymentPostprocessing = 0;
		};
/* End PBXResourcesBuildPhase section */

/* Begin PBXSourcesBuildPhase section */
		BEA63ABC2B4FF1C000DB85FF /* Sources */ = {
			isa = PBXSourcesBuildPhase;
			buildActionMask = 2147483647;
			files = (
				BEA63ADC2B51517400DB85FF /* EmojiPalette.swift in Sources */,
				BEA63AD62B4FF5C800DB85FF /* Extensions.swift in Sources */,
				BEA63ADE2B5151F300DB85FF /* EmojiPaletteStore.swift in Sources */,
				BEA63AD22B4FF22900DB85FF /* EmojiArt.swift in Sources */,
				BEA63AC62B4FF1C000DB85FF /* EmojiArtDocumentView.swift in Sources */,
				BEA63AC42B4FF1C000DB85FF /* EmojiArtApp.swift in Sources */,
				BEA63AD42B4FF37300DB85FF /* EmojiArtDocument.swift in Sources */,
				BEA63AE02B51551600DB85FF /* EmojiPaletteView.swift in Sources */,
				BEA63AE22B5155A300DB85FF /* AnimatedActionButton.swift in Sources */,
				BEA63AD82B5002BD00DB85FF /* Sturldata.swift in Sources */,
			);
			runOnlyForDeploymentPostprocessing = 0;
		};
/* End PBXSourcesBuildPhase section */

/* Begin XCBuildConfiguration section */
		BEA63ACC2B4FF1C100DB85FF /* Debug */ = {
			isa = XCBuildConfiguration;
			buildSettings = {
				ALWAYS_SEARCH_USER_PATHS = NO;
				ASSETCATALOG_COMPILER_GENERATE_SWIFT_ASSET_SYMBOL_EXTENSIONS = YES;
				CLANG_ANALYZER_NONNULL = YES;
				CLANG_ANALYZER_NUMBER_OBJECT_CONVERSION = YES_AGGRESSIVE;
				CLANG_CXX_LANGUAGE_STANDARD = "gnu++20";
				CLANG_ENABLE_MODULES = YES;
				CLANG_ENABLE_OBJC_ARC = YES;
				CLANG_ENABLE_OBJC_WEAK = YES;
				CLANG_WARN_BLOCK_CAPTURE_AUTORELEASING = YES;
				CLANG_WARN_BOOL_CONVERSION = YES;
				CLANG_WARN_COMMA = YES;
				CLANG_WARN_CONSTANT_CONVERSION = YES;
				CLANG_WARN_DEPRECATED_OBJC_IMPLEMENTATIONS = YES;
				CLANG_WARN_DIRECT_OBJC_ISA_USAGE = YES_ERROR;
				CLANG_WARN_DOCUMENTATION_COMMENTS = YES;
				CLANG_WARN_EMPTY_BODY = YES;
				CLANG_WARN_ENUM_CONVERSION = YES;
				CLANG_WARN_INFINITE_RECURSION = YES;
				CLANG_WARN_INT_CONVERSION = YES;
				CLANG_WARN_NON_LITERAL_NULL_CONVERSION = YES;
				CLANG_WARN_OBJC_IMPLICIT_RETAIN_SELF = YES;
				CLANG_WARN_OBJC_LITERAL_CONVERSION = YES;
				CLANG_WARN_OBJC_ROOT_CLASS = YES_ERROR;
				CLANG_WARN_QUOTED_INCLUDE_IN_FRAMEWORK_HEADER = YES;
				CLANG_WARN_RANGE_LOOP_ANALYSIS = YES;
				CLANG_WARN_STRICT_PROTOTYPES = YES;
				CLANG_WARN_SUSPICIOUS_MOVE = YES;
				CLANG_WARN_UNGUARDED_AVAILABILITY = YES_AGGRESSIVE;
				CLANG_WARN_UNREACHABLE_CODE = YES;
				CLANG_WARN__DUPLICATE_METHOD_MATCH = YES;
				COPY_PHASE_STRIP = NO;
				DEBUG_INFORMATION_FORMAT = dwarf;
				ENABLE_STRICT_OBJC_MSGSEND = YES;
				ENABLE_TESTABILITY = YES;
				ENABLE_USER_SCRIPT_SANDBOXING = YES;
				GCC_C_LANGUAGE_STANDARD = gnu17;
				GCC_DYNAMIC_NO_PIC = NO;
				GCC_NO_COMMON_BLOCKS = YES;
				GCC_OPTIMIZATION_LEVEL = 0;
				GCC_PREPROCESSOR_DEFINITIONS = (
					"DEBUG=1",
					"$(inherited)",
				);
				GCC_WARN_64_TO_32_BIT_CONVERSION = YES;
				GCC_WARN_ABOUT_RETURN_TYPE = YES_ERROR;
				GCC_WARN_UNDECLARED_SELECTOR = YES;
				GCC_WARN_UNINITIALIZED_AUTOS = YES_AGGRESSIVE;
				GCC_WARN_UNUSED_FUNCTION = YES;
				GCC_WARN_UNUSED_VARIABLE = YES;
				IPHONEOS_DEPLOYMENT_TARGET = 17.0;
				LOCALIZATION_PREFERS_STRING_CATALOGS = YES;
				MTL_ENABLE_DEBUG_INFO = INCLUDE_SOURCE;
				MTL_FAST_MATH = YES;
				ONLY_ACTIVE_ARCH = YES;
				SDKROOT = iphoneos;
				SWIFT_ACTIVE_COMPILATION_CONDITIONS = "DEBUG $(inherited)";
				SWIFT_OPTIMIZATION_LEVEL = "-Onone";
			};
			name = Debug;
		};
		BEA63ACD2B4FF1C100DB85FF /* Release */ = {
			isa = XCBuildConfiguration;
			buildSettings = {
				ALWAYS_SEARCH_USER_PATHS = NO;
				ASSETCATALOG_COMPILER_GENERATE_SWIFT_ASSET_SYMBOL_EXTENSIONS = YES;
				CLANG_ANALYZER_NONNULL = YES;
				CLANG_ANALYZER_NUMBER_OBJECT_CONVERSION = YES_AGGRESSIVE;
				CLANG_CXX_LANGUAGE_STANDARD = "gnu++20";
				CLANG_ENABLE_MODULES = YES;
				CLANG_ENABLE_OBJC_ARC = YES;
				CLANG_ENABLE_OBJC_WEAK = YES;
				CLANG_WARN_BLOCK_CAPTURE_AUTORELEASING = YES;
				CLANG_WARN_BOOL_CONVERSION = YES;
				CLANG_WARN_COMMA = YES;
				CLANG_WARN_CONSTANT_CONVERSION = YES;
				CLANG_WARN_DEPRECATED_OBJC_IMPLEMENTATIONS = YES;
				CLANG_WARN_DIRECT_OBJC_ISA_USAGE = YES_ERROR;
				CLANG_WARN_DOCUMENTATION_COMMENTS = YES;
				CLANG_WARN_EMPTY_BODY = YES;
				CLANG_WARN_ENUM_CONVERSION = YES;
				CLANG_WARN_INFINITE_RECURSION = YES;
				CLANG_WARN_INT_CONVERSION = YES;
				CLANG_WARN_NON_LITERAL_NULL_CONVERSION = YES;
				CLANG_WARN_OBJC_IMPLICIT_RETAIN_SELF = YES;
				CLANG_WARN_OBJC_LITERAL_CONVERSION = YES;
				CLANG_WARN_OBJC_ROOT_CLASS = YES_ERROR;
				CLANG_WARN_QUOTED_INCLUDE_IN_FRAMEWORK_HEADER = YES;
				CLANG_WARN_RANGE_LOOP_ANALYSIS = YES;
				CLANG_WARN_STRICT_PROTOTYPES = YES;
				CLANG_WARN_SUSPICIOUS_MOVE = YES;
				CLANG_WARN_UNGUARDED_AVAILABILITY = YES_AGGRESSIVE;
				CLANG_WARN_UNREACHABLE_CODE = YES;
				CLANG_WARN__DUPLICATE_METHOD_MATCH = YES;
				COPY_PHASE_STRIP = NO;
				DEBUG_INFORMATION_FORMAT = "dwarf-with-dsym";
				ENABLE_NS_ASSERTIONS = NO;
				ENABLE_STRICT_OBJC_MSGSEND = YES;
				ENABLE_USER_SCRIPT_SANDBOXING = YES;
				GCC_C_LANGUAGE_STANDARD = gnu17;
				GCC_NO_COMMON_BLOCKS = YES;
				GCC_WARN_64_TO_32_BIT_CONVERSION = YES;
				GCC_WARN_ABOUT_RETURN_TYPE = YES_ERROR;
				GCC_WARN_UNDECLARED_SELECTOR = YES;
				GCC_WARN_UNINITIALIZED_AUTOS = YES_AGGRESSIVE;
				GCC_WARN_UNUSED_FUNCTION = YES;
				GCC_WARN_UNUSED_VARIABLE = YES;
				IPHONEOS_DEPLOYMENT_TARGET = 17.0;
				LOCALIZATION_PREFERS_STRING_CATALOGS = YES;
				MTL_ENABLE_DEBUG_INFO = NO;
				MTL_FAST_MATH = YES;
				SDKROOT = iphoneos;
				SWIFT_COMPILATION_MODE = wholemodule;
				VALIDATE_PRODUCT = YES;
			};
			name = Release;
		};
		BEA63ACF2B4FF1C100DB85FF /* Debug */ = {
			isa = XCBuildConfiguration;
			buildSettings = {
				ASSETCATALOG_COMPILER_APPICON_NAME = AppIcon;
				ASSETCATALOG_COMPILER_GLOBAL_ACCENT_COLOR_NAME = AccentColor;
				CODE_SIGN_STYLE = Automatic;
				CURRENT_PROJECT_VERSION = 1;
				DEVELOPMENT_ASSET_PATHS = "\"EmojiArt/Preview Content\"";
				DEVELOPMENT_TEAM = 22N5P5MGMJ;
				ENABLE_PREVIEWS = YES;
				GENERATE_INFOPLIST_FILE = YES;
				INFOPLIST_KEY_UIApplicationSceneManifest_Generation = YES;
				INFOPLIST_KEY_UIApplicationSupportsIndirectInputEvents = YES;
				INFOPLIST_KEY_UILaunchScreen_Generation = YES;
				INFOPLIST_KEY_UISupportedInterfaceOrientations_iPad = "UIInterfaceOrientationPortrait UIInterfaceOrientationPortraitUpsideDown UIInterfaceOrientationLandscapeLeft UIInterfaceOrientationLandscapeRight";
				INFOPLIST_KEY_UISupportedInterfaceOrientations_iPhone = "UIInterfaceOrientationPortrait UIInterfaceOrientationLandscapeLeft UIInterfaceOrientationLandscapeRight";
				LD_RUNPATH_SEARCH_PATHS = (
					"$(inherited)",
					"@executable_path/Frameworks",
				);
				MARKETING_VERSION = 1.0;
				PRODUCT_BUNDLE_IDENTIFIER = com.gmail.forgot10soul.EmojiArt;
				PRODUCT_NAME = "$(TARGET_NAME)";
				SWIFT_EMIT_LOC_STRINGS = YES;
				SWIFT_VERSION = 5.0;
				TARGETED_DEVICE_FAMILY = "1,2";
			};
			name = Debug;
		};
		BEA63AD02B4FF1C100DB85FF /* Release */ = {
			isa = XCBuildConfiguration;
			buildSettings = {
				ASSETCATALOG_COMPILER_APPICON_NAME = AppIcon;
				ASSETCATALOG_COMPILER_GLOBAL_ACCENT_COLOR_NAME = AccentColor;
				CODE_SIGN_STYLE = Automatic;
				CURRENT_PROJECT_VERSION = 1;
				DEVELOPMENT_ASSET_PATHS = "\"EmojiArt/Preview Content\"";
				DEVELOPMENT_TEAM = 22N5P5MGMJ;
				ENABLE_PREVIEWS = YES;
				GENERATE_INFOPLIST_FILE = YES;
				INFOPLIST_KEY_UIApplicationSceneManifest_Generation = YES;
				INFOPLIST_KEY_UIApplicationSupportsIndirectInputEvents = YES;
				INFOPLIST_KEY_UILaunchScreen_Generation = YES;
				INFOPLIST_KEY_UISupportedInterfaceOrientations_iPad = "UIInterfaceOrientationPortrait UIInterfaceOrientationPortraitUpsideDown UIInterfaceOrientationLandscapeLeft UIInterfaceOrientationLandscapeRight";
				INFOPLIST_KEY_UISupportedInterfaceOrientations_iPhone = "UIInterfaceOrientationPortrait UIInterfaceOrientationLandscapeLeft UIInterfaceOrientationLandscapeRight";
				LD_RUNPATH_SEARCH_PATHS = (
					"$(inherited)",
					"@executable_path/Frameworks",
				);
				MARKETING_VERSION = 1.0;
				PRODUCT_BUNDLE_IDENTIFIER = com.gmail.forgot10soul.EmojiArt;
				PRODUCT_NAME = "$(TARGET_NAME)";
				SWIFT_EMIT_LOC_STRINGS = YES;
				SWIFT_VERSION = 5.0;
				TARGETED_DEVICE_FAMILY = "1,2";
			};
			name = Release;
		};
/* End XCBuildConfiguration section */

/* Begin XCConfigurationList section */
		BEA63ABB2B4FF1C000DB85FF /* Build configuration list for PBXProject "EmojiArt" */ = {
			isa = XCConfigurationList;
			buildConfigurations = (
				BEA63ACC2B4FF1C100DB85FF /* Debug */,
				BEA63ACD2B4FF1C100DB85FF /* Release */,
			);
			defaultConfigurationIsVisible = 0;
			defaultConfigurationName = Release;
		};
		BEA63ACE2B4FF1C100DB85FF /* Build configuration list for PBXNativeTarget "EmojiArt" */ = {
			isa = XCConfigurationList;
			buildConfigurations = (
				BEA63ACF2B4FF1C100DB85FF /* Debug */,
				BEA63AD02B4FF1C100DB85FF /* Release */,
			);
			defaultConfigurationIsVisible = 0;
			defaultConfigurationName = Release;
		};
/* End XCConfigurationList section */
	};
	rootObject = BEA63AB82B4FF1C000DB85FF /* Project object */;
}
